
Microsoft Visual Studio Solution File, Format Version 12.00
# Visual Studio Version 16
VisualStudioVersion = 16.0.31702.278
MinimumVisualStudioVersion = 10.0.40219.1
Project("{FAE04EC0-301F-11D3-BF4B-00C04F79EFBC}") = "AngularTask", "AngularTask.csproj", "{1C37E465-3E73-4908-82AF-FB924F742105}"
EndProject
Global
	GlobalSection(SolutionConfigurationPlatforms) = preSolution
		Debug|Any CPU = Debug|Any CPU
		Release|Any CPU = Release|Any CPU
	EndGlobalSection
	GlobalSection(ProjectConfigurationPlatforms) = postSolution
		{1C37E465-3E73-4908-82AF-FB924F742105}.Debug|Any CPU.ActiveCfg = Debug|Any CPU
		{1C37E465-3E73-4908-82AF-FB924F742105}.Debug|Any CPU.Build.0 = Debug|Any CPU
		{1C37E465-3E73-4908-82AF-FB924F742105}.Release|Any CPU.ActiveCfg = Release|Any CPU
		{1C37E465-3E73-4908-82AF-FB924F742105}.Release|Any CPU.Build.0 = Release|Any CPU
	EndGlobalSection
	GlobalSection(SolutionProperties) = preSolution
		HideSolutionNode = FALSE
	EndGlobalSection
	GlobalSection(ExtensibilityGlobals) = postSolution
		SolutionGuid = {21A4DBBF-5A8B-4BE7-8521-7E7A3DF9E8DD}
	EndGlobalSection
EndGlobal
